
Microsoft Visual Studio Solution File, Format Version 12.00
# Visual Studio Version 16
VisualStudioVersion = 16.0.30114.105
MinimumVisualStudioVersion = 10.0.40219.1
Project("{FAE04EC0-301F-11D3-BF4B-00C04F79EFBC}") = "MoogleServer", "MoogleServer\MoogleServer.csproj", "{8630EC0B-D076-40B2-B0D1-BF4324EC9991}"
EndProject
Project("{FAE04EC0-301F-11D3-BF4B-00C04F79EFBC}") = "MoogleEngine", "MoogleEngine\MoogleEngine.csproj", "{0A755D1B-0FDF-487A-BDBF-9B14DA68DE07}"
EndProject
Project("{FAE04EC0-301F-11D3-BF4B-00C04F79EFBC}") = "Corpus", "Corpus\Corpus.csproj", "{2BD31760-DFB4-416C-8E92-8F85E410F3BA}"
EndProject
Project("{FAE04EC0-301F-11D3-BF4B-00C04F79EFBC}") = "MRI", "MRI\MRI.csproj", "{AB34C373-8F14-495B-B719-C9886E38AF4B}"
EndProject
Project("{FAE04EC0-301F-11D3-BF4B-00C04F79EFBC}") = "MoogleConsole", "MoogleConsole\MoogleConsole.csproj", "{9B2EFD92-CCD6-4BC9-AB81-4B745C08BD44}"
EndProject
Global
	GlobalSection(SolutionProperties) = preSolution
		HideSolutionNode = FALSE
	EndGlobalSection
	GlobalSection(SolutionConfigurationPlatforms) = preSolution
		Debug|Any CPU = Debug|Any CPU
		Debug|x64 = Debug|x64
		Debug|x86 = Debug|x86
		Release|Any CPU = Release|Any CPU
		Release|x64 = Release|x64
		Release|x86 = Release|x86
	EndGlobalSection
	GlobalSection(ProjectConfigurationPlatforms) = postSolution
		{8630EC0B-D076-40B2-B0D1-BF4324EC9991}.Debug|Any CPU.ActiveCfg = Debug|Any CPU
		{8630EC0B-D076-40B2-B0D1-BF4324EC9991}.Debug|Any CPU.Build.0 = Debug|Any CPU
		{8630EC0B-D076-40B2-B0D1-BF4324EC9991}.Debug|x64.ActiveCfg = Debug|Any CPU
		{8630EC0B-D076-40B2-B0D1-BF4324EC9991}.Debug|x64.Build.0 = Debug|Any CPU
		{8630EC0B-D076-40B2-B0D1-BF4324EC9991}.Debug|x86.ActiveCfg = Debug|Any CPU
		{8630EC0B-D076-40B2-B0D1-BF4324EC9991}.Debug|x86.Build.0 = Debug|Any CPU
		{8630EC0B-D076-40B2-B0D1-BF4324EC9991}.Release|Any CPU.ActiveCfg = Release|Any CPU
		{8630EC0B-D076-40B2-B0D1-BF4324EC9991}.Release|Any CPU.Build.0 = Release|Any CPU
		{8630EC0B-D076-40B2-B0D1-BF4324EC9991}.Release|x64.ActiveCfg = Release|Any CPU
		{8630EC0B-D076-40B2-B0D1-BF4324EC9991}.Release|x64.Build.0 = Release|Any CPU
		{8630EC0B-D076-40B2-B0D1-BF4324EC9991}.Release|x86.ActiveCfg = Release|Any CPU
		{8630EC0B-D076-40B2-B0D1-BF4324EC9991}.Release|x86.Build.0 = Release|Any CPU
		{0A755D1B-0FDF-487A-BDBF-9B14DA68DE07}.Debug|Any CPU.ActiveCfg = Debug|Any CPU
		{0A755D1B-0FDF-487A-BDBF-9B14DA68DE07}.Debug|Any CPU.Build.0 = Debug|Any CPU
		{0A755D1B-0FDF-487A-BDBF-9B14DA68DE07}.Debug|x64.ActiveCfg = Debug|Any CPU
		{0A755D1B-0FDF-487A-BDBF-9B14DA68DE07}.Debug|x64.Build.0 = Debug|Any CPU
		{0A755D1B-0FDF-487A-BDBF-9B14DA68DE07}.Debug|x86.ActiveCfg = Debug|Any CPU
		{0A755D1B-0FDF-487A-BDBF-9B14DA68DE07}.Debug|x86.Build.0 = Debug|Any CPU
		{0A755D1B-0FDF-487A-BDBF-9B14DA68DE07}.Release|Any CPU.ActiveCfg = Release|Any CPU
		{0A755D1B-0FDF-487A-BDBF-9B14DA68DE07}.Release|Any CPU.Build.0 = Release|Any CPU
		{0A755D1B-0FDF-487A-BDBF-9B14DA68DE07}.Release|x64.ActiveCfg = Release|Any CPU
		{0A755D1B-0FDF-487A-BDBF-9B14DA68DE07}.Release|x64.Build.0 = Release|Any CPU
		{0A755D1B-0FDF-487A-BDBF-9B14DA68DE07}.Release|x86.ActiveCfg = Release|Any CPU
		{0A755D1B-0FDF-487A-BDBF-9B14DA68DE07}.Release|x86.Build.0 = Release|Any CPU
		{2BD31760-DFB4-416C-8E92-8F85E410F3BA}.Debug|Any CPU.ActiveCfg = Debug|Any CPU
		{2BD31760-DFB4-416C-8E92-8F85E410F3BA}.Debug|Any CPU.Build.0 = Debug|Any CPU
		{2BD31760-DFB4-416C-8E92-8F85E410F3BA}.Debug|x64.ActiveCfg = Debug|Any CPU
		{2BD31760-DFB4-416C-8E92-8F85E410F3BA}.Debug|x64.Build.0 = Debug|Any CPU
		{2BD31760-DFB4-416C-8E92-8F85E410F3BA}.Debug|x86.ActiveCfg = Debug|Any CPU
		{2BD31760-DFB4-416C-8E92-8F85E410F3BA}.Debug|x86.Build.0 = Debug|Any CPU
		{2BD31760-DFB4-416C-8E92-8F85E410F3BA}.Release|Any CPU.ActiveCfg = Release|Any CPU
		{2BD31760-DFB4-416C-8E92-8F85E410F3BA}.Release|Any CPU.Build.0 = Release|Any CPU
		{2BD31760-DFB4-416C-8E92-8F85E410F3BA}.Release|x64.ActiveCfg = Release|Any CPU
		{2BD31760-DFB4-416C-8E92-8F85E410F3BA}.Release|x64.Build.0 = Release|Any CPU
		{2BD31760-DFB4-416C-8E92-8F85E410F3BA}.Release|x86.ActiveCfg = Release|Any CPU
		{2BD31760-DFB4-416C-8E92-8F85E410F3BA}.Release|x86.Build.0 = Release|Any CPU
		{AB34C373-8F14-495B-B719-C9886E38AF4B}.Debug|Any CPU.ActiveCfg = Debug|Any CPU
		{AB34C373-8F14-495B-B719-C9886E38AF4B}.Debug|Any CPU.Build.0 = Debug|Any CPU
		{AB34C373-8F14-495B-B719-C9886E38AF4B}.Debug|x64.ActiveCfg = Debug|Any CPU
		{AB34C373-8F14-495B-B719-C9886E38AF4B}.Debug|x64.Build.0 = Debug|Any CPU
		{AB34C373-8F14-495B-B719-C9886E38AF4B}.Debug|x86.ActiveCfg = Debug|Any CPU
		{AB34C373-8F14-495B-B719-C9886E38AF4B}.Debug|x86.Build.0 = Debug|Any CPU
		{AB34C373-8F14-495B-B719-C9886E38AF4B}.Release|Any CPU.ActiveCfg = Release|Any CPU
		{AB34C373-8F14-495B-B719-C9886E38AF4B}.Release|Any CPU.Build.0 = Release|Any CPU
		{AB34C373-8F14-495B-B719-C9886E38AF4B}.Release|x64.ActiveCfg = Release|Any CPU
		{AB34C373-8F14-495B-B719-C9886E38AF4B}.Release|x64.Build.0 = Release|Any CPU
		{AB34C373-8F14-495B-B719-C9886E38AF4B}.Release|x86.ActiveCfg = Release|Any CPU
		{AB34C373-8F14-495B-B719-C9886E38AF4B}.Release|x86.Build.0 = Release|Any CPU
		{9B2EFD92-CCD6-4BC9-AB81-4B745C08BD44}.Debug|Any CPU.ActiveCfg = Debug|Any CPU
		{9B2EFD92-CCD6-4BC9-AB81-4B745C08BD44}.Debug|Any CPU.Build.0 = Debug|Any CPU
		{9B2EFD92-CCD6-4BC9-AB81-4B745C08BD44}.Debug|x64.ActiveCfg = Debug|Any CPU
		{9B2EFD92-CCD6-4BC9-AB81-4B745C08BD44}.Debug|x64.Build.0 = Debug|Any CPU
		{9B2EFD92-CCD6-4BC9-AB81-4B745C08BD44}.Debug|x86.ActiveCfg = Debug|Any CPU
		{9B2EFD92-CCD6-4BC9-AB81-4B745C08BD44}.Debug|x86.Build.0 = Debug|Any CPU
		{9B2EFD92-CCD6-4BC9-AB81-4B745C08BD44}.Release|Any CPU.ActiveCfg = Release|Any CPU
		{9B2EFD92-CCD6-4BC9-AB81-4B745C08BD44}.Release|Any CPU.Build.0 = Release|Any CPU
		{9B2EFD92-CCD6-4BC9-AB81-4B745C08BD44}.Release|x64.ActiveCfg = Release|Any CPU
		{9B2EFD92-CCD6-4BC9-AB81-4B745C08BD44}.Release|x64.Build.0 = Release|Any CPU
		{9B2EFD92-CCD6-4BC9-AB81-4B745C08BD44}.Release|x86.ActiveCfg = Release|Any CPU
		{9B2EFD92-CCD6-4BC9-AB81-4B745C08BD44}.Release|x86.Build.0 = Release|Any CPU
	EndGlobalSection
EndGlobal
